// !$*UTF8*$!
{
	archiveVersion = 1;
	classes = {
	};
	objectVersion = 50;
	objects = {

/* Begin PBXBuildFile section */
		521E419D25582416006DDF43 /* AppDelegate.swift in Sources */ = {isa = PBXBuildFile; fileRef = 521E419C25582416006DDF43 /* AppDelegate.swift */; };
		521E419F25582416006DDF43 /* SceneDelegate.swift in Sources */ = {isa = PBXBuildFile; fileRef = 521E419E25582416006DDF43 /* SceneDelegate.swift */; };
		521E41A125582416006DDF43 /* ViewController.swift in Sources */ = {isa = PBXBuildFile; fileRef = 521E41A025582416006DDF43 /* ViewController.swift */; };
		521E41A425582416006DDF43 /* Main.storyboard in Resources */ = {isa = PBXBuildFile; fileRef = 521E41A225582416006DDF43 /* Main.storyboard */; };
		521E41A625582419006DDF43 /* Assets.xcassets in Resources */ = {isa = PBXBuildFile; fileRef = 521E41A525582419006DDF43 /* Assets.xcassets */; };
		521E41A925582419006DDF43 /* LaunchScreen.storyboard in Resources */ = {isa = PBXBuildFile; fileRef = 521E41A725582419006DDF43 /* LaunchScreen.storyboard */; };
		521E41B2255825C7006DDF43 /* DetailViewController.swift in Sources */ = {isa = PBXBuildFile; fileRef = 521E41B1255825C7006DDF43 /* DetailViewController.swift */; };
		521E41B625582B97006DDF43 /* City.swift in Sources */ = {isa = PBXBuildFile; fileRef = 521E41B525582B97006DDF43 /* City.swift */; };
		521E41B925582BC0006DDF43 /* CityDetail.swift in Sources */ = {isa = PBXBuildFile; fileRef = 521E41B825582BC0006DDF43 /* CityDetail.swift */; };
		521E41BC25582E03006DDF43 /* country.json in Resources */ = {isa = PBXBuildFile; fileRef = 521E41BB25582E03006DDF43 /* country.json */; };
/* End PBXBuildFile section */

/* Begin PBXFileReference section */
		521E419925582416006DDF43 /* Project13-15.app */ = {isa = PBXFileReference; explicitFileType = wrapper.application; includeInIndex = 0; path = "Project13-15.app"; sourceTree = BUILT_PRODUCTS_DIR; };
		521E419C25582416006DDF43 /* AppDelegate.swift */ = {isa = PBXFileReference; lastKnownFileType = sourcecode.swift; path = AppDelegate.swift; sourceTree = "<group>"; };
		521E419E25582416006DDF43 /* SceneDelegate.swift */ = {isa = PBXFileReference; lastKnownFileType = sourcecode.swift; path = SceneDelegate.swift; sourceTree = "<group>"; };
		521E41A025582416006DDF43 /* ViewController.swift */ = {isa = PBXFileReference; lastKnownFileType = sourcecode.swift; path = ViewController.swift; sourceTree = "<group>"; };
		521E41A325582416006DDF43 /* Base */ = {isa = PBXFileReference; lastKnownFileType = file.storyboard; name = Base; path = Base.lproj/Main.storyboard; sourceTree = "<group>"; };
		521E41A525582419006DDF43 /* Assets.xcassets */ = {isa = PBXFileReference; lastKnownFileType = folder.assetcatalog; path = Assets.xcassets; sourceTree = "<group>"; };
		521E41A825582419006DDF43 /* Base */ = {isa = PBXFileReference; lastKnownFileType = file.storyboard; name = Base; path = Base.lproj/LaunchScreen.storyboard; sourceTree = "<group>"; };
		521E41AA25582419006DDF43 /* Info.plist */ = {isa = PBXFileReference; lastKnownFileType = text.plist.xml; path = Info.plist; sourceTree = "<group>"; };
		521E41B1255825C7006DDF43 /* DetailViewController.swift */ = {isa = PBXFileReference; lastKnownFileType = sourcecode.swift; path = DetailViewController.swift; sourceTree = "<group>"; };
		521E41B525582B97006DDF43 /* City.swift */ = {isa = PBXFileReference; lastKnownFileType = sourcecode.swift; path = City.swift; sourceTree = "<group>"; };
		521E41B825582BC0006DDF43 /* CityDetail.swift */ = {isa = PBXFileReference; lastKnownFileType = sourcecode.swift; path = CityDetail.swift; sourceTree = "<group>"; };
		521E41BB25582E03006DDF43 /* country.json */ = {isa = PBXFileReference; fileEncoding = 4; lastKnownFileType = text.json; path = country.json; sourceTree = "<group>"; };
/* End PBXFileReference section */

/* Begin PBXFrameworksBuildPhase section */
		521E419625582416006DDF43 /* Frameworks */ = {
			isa = PBXFrameworksBuildPhase;
			buildActionMask = 2147483647;
			files = (
			);
			runOnlyForDeploymentPostprocessing = 0;
		};
/* End PBXFrameworksBuildPhase section */

/* Begin PBXGroup section */
		521E419025582416006DDF43 = {
			isa = PBXGroup;
			children = (
				521E419B25582416006DDF43 /* Project13-15 */,
				521E419A25582416006DDF43 /* Products */,
			);
			sourceTree = "<group>";
		};
		521E419A25582416006DDF43 /* Products */ = {
			isa = PBXGroup;
			children = (
				521E419925582416006DDF43 /* Project13-15.app */,
			);
			name = Products;
			sourceTree = "<group>";
		};
		521E419B25582416006DDF43 /* Project13-15 */ = {
			isa = PBXGroup;
			children = (
				521E41BB25582E03006DDF43 /* country.json */,
				521E419C25582416006DDF43 /* AppDelegate.swift */,
				521E419E25582416006DDF43 /* SceneDelegate.swift */,
				521E41A025582416006DDF43 /* ViewController.swift */,
				521E41B1255825C7006DDF43 /* DetailViewController.swift */,
				521E41A225582416006DDF43 /* Main.storyboard */,
				521E41A525582419006DDF43 /* Assets.xcassets */,
				521E41A725582419006DDF43 /* LaunchScreen.storyboard */,
				521E41AA25582419006DDF43 /* Info.plist */,
				521E41B525582B97006DDF43 /* City.swift */,
				521E41B825582BC0006DDF43 /* CityDetail.swift */,
			);
			path = "Project13-15";
			sourceTree = "<group>";
		};
/* End PBXGroup section */

/* Begin PBXNativeTarget section */
		521E419825582416006DDF43 /* Project13-15 */ = {
			isa = PBXNativeTarget;
			buildConfigurationList = 521E41AD25582419006DDF43 /* Build configuration list for PBXNativeTarget "Project13-15" */;
			buildPhases = (
				521E419525582416006DDF43 /* Sources */,
				521E419625582416006DDF43 /* Frameworks */,
				521E419725582416006DDF43 /* Resources */,
			);
			buildRules = (
			);
			dependencies = (
			);
			name = "Project13-15";
			productName = "Project13-15";
			productReference = 521E419925582416006DDF43 /* Project13-15.app */;
			productType = "com.apple.product-type.application";
		};
/* End PBXNativeTarget section */

/* Begin PBXProject section */
		521E419125582416006DDF43 /* Project object */ = {
			isa = PBXProject;
			attributes = {
				LastSwiftUpdateCheck = 1210;
				LastUpgradeCheck = 1210;
				TargetAttributes = {
					521E419825582416006DDF43 = {
						CreatedOnToolsVersion = 12.1;
					};
				};
			};
			buildConfigurationList = 521E419425582416006DDF43 /* Build configuration list for PBXProject "Project13-15" */;
			compatibilityVersion = "Xcode 9.3";
			developmentRegion = en;
			hasScannedForEncodings = 0;
			knownRegions = (
				en,
				Base,
			);
			mainGroup = 521E419025582416006DDF43;
			productRefGroup = 521E419A25582416006DDF43 /* Products */;
			projectDirPath = "";
			projectRoot = "";
			targets = (
				521E419825582416006DDF43 /* Project13-15 */,
			);
		};
/* End PBXProject section */

/* Begin PBXResourcesBuildPhase section */
		521E419725582416006DDF43 /* Resources */ = {
			isa = PBXResourcesBuildPhase;
			buildActionMask = 2147483647;
			files = (
				521E41BC25582E03006DDF43 /* country.json in Resources */,
				521E41A925582419006DDF43 /* LaunchScreen.storyboard in Resources */,
				521E41A625582419006DDF43 /* Assets.xcassets in Resources */,
				521E41A425582416006DDF43 /* Main.storyboard in Resources */,
			);
			runOnlyForDeploymentPostprocessing = 0;
		};
/* End PBXResourcesBuildPhase section */

/* Begin PBXSourcesBuildPhase section */
		521E419525582416006DDF43 /* Sources */ = {
			isa = PBXSourcesBuildPhase;
			buildActionMask = 2147483647;
			files = (
				521E41A125582416006DDF43 /* ViewController.swift in Sources */,
				521E41B625582B97006DDF43 /* City.swift in Sources */,
				521E419D25582416006DDF43 /* AppDelegate.swift in Sources */,
				521E419F25582416006DDF43 /* SceneDelegate.swift in Sources */,
				521E41B2255825C7006DDF43 /* DetailViewController.swift in Sources */,
				521E41B925582BC0006DDF43 /* CityDetail.swift in Sources */,
			);
			runOnlyForDeploymentPostprocessing = 0;
		};
/* End PBXSourcesBuildPhase section */

/* Begin PBXVariantGroup section */
		521E41A225582416006DDF43 /* Main.storyboard */ = {
			isa = PBXVariantGroup;
			children = (
				521E41A325582416006DDF43 /* Base */,
			);
			name = Main.storyboard;
			sourceTree = "<group>";
		};
		521E41A725582419006DDF43 /* LaunchScreen.storyboard */ = {
			isa = PBXVariantGroup;
			children = (
				521E41A825582419006DDF43 /* Base */,
			);
			name = LaunchScreen.storyboard;
			sourceTree = "<group>";
		};
/* End PBXVariantGroup section */

/* Begin XCBuildConfiguration section */
		521E41AB25582419006DDF43 /* Debug */ = {
			isa = XCBuildConfiguration;
			buildSettings = {
				ALWAYS_SEARCH_USER_PATHS = NO;
				CLANG_ANALYZER_NONNULL = YES;
				CLANG_ANALYZER_NUMBER_OBJECT_CONVERSION = YES_AGGRESSIVE;
				CLANG_CXX_LANGUAGE_STANDARD = "gnu++14";
				CLANG_CXX_LIBRARY = "libc++";
				CLANG_ENABLE_MODULES = YES;
				CLANG_ENABLE_OBJC_ARC = YES;
				CLANG_ENABLE_OBJC_WEAK = YES;
				CLANG_WARN_BLOCK_CAPTURE_AUTORELEASING = YES;
				CLANG_WARN_BOOL_CONVERSION = YES;
				CLANG_WARN_COMMA = YES;
				CLANG_WARN_CONSTANT_CONVERSION = YES;
				CLANG_WARN_DEPRECATED_OBJC_IMPLEMENTATIONS = YES;
				CLANG_WARN_DIRECT_OBJC_ISA_USAGE = YES_ERROR;
				CLANG_WARN_DOCUMENTATION_COMMENTS = YES;
				CLANG_WARN_EMPTY_BODY = YES;
				CLANG_WARN_ENUM_CONVERSION = YES;
				CLANG_WARN_INFINITE_RECURSION = YES;
				CLANG_WARN_INT_CONVERSION = YES;
				CLANG_WARN_NON_LITERAL_NULL_CONVERSION = YES;
				CLANG_WARN_OBJC_IMPLICIT_RETAIN_SELF = YES;
				CLANG_WARN_OBJC_LITERAL_CONVERSION = YES;
				CLANG_WARN_OBJC_ROOT_CLASS = YES_ERROR;
				CLANG_WARN_QUOTED_INCLUDE_IN_FRAMEWORK_HEADER = YES;
				CLANG_WARN_RANGE_LOOP_ANALYSIS = YES;
				CLANG_WARN_STRICT_PROTOTYPES = YES;
				CLANG_WARN_SUSPICIOUS_MOVE = YES;
				CLANG_WARN_UNGUARDED_AVAILABILITY = YES_AGGRESSIVE;
				CLANG_WARN_UNREACHABLE_CODE = YES;
				CLANG_WARN__DUPLICATE_METHOD_MATCH = YES;
				COPY_PHASE_STRIP = NO;
				DEBUG_INFORMATION_FORMAT = dwarf;
				ENABLE_STRICT_OBJC_MSGSEND = YES;
				ENABLE_TESTABILITY = YES;
				GCC_C_LANGUAGE_STANDARD = gnu11;
				GCC_DYNAMIC_NO_PIC = NO;
				GCC_NO_COMMON_BLOCKS = YES;
				GCC_OPTIMIZATION_LEVEL = 0;
				GCC_PREPROCESSOR_DEFINITIONS = (
					"DEBUG=1",
					"$(inherited)",
				);
				GCC_WARN_64_TO_32_BIT_CONVERSION = YES;
				GCC_WARN_ABOUT_RETURN_TYPE = YES_ERROR;
				GCC_WARN_UNDECLARED_SELECTOR = YES;
				GCC_WARN_UNINITIALIZED_AUTOS = YES_AGGRESSIVE;
				GCC_WARN_UNUSED_FUNCTION = YES;
				GCC_WARN_UNUSED_VARIABLE = YES;
				IPHONEOS_DEPLOYMENT_TARGET = 14.1;
				MTL_ENABLE_DEBUG_INFO = INCLUDE_SOURCE;
				MTL_FAST_MATH = YES;
				ONLY_ACTIVE_ARCH = YES;
				SDKROOT = iphoneos;
				SWIFT_ACTIVE_COMPILATION_CONDITIONS = DEBUG;
				SWIFT_OPTIMIZATION_LEVEL = "-Onone";
			};
			name = Debug;
		};
		521E41AC25582419006DDF43 /* Release */ = {
			isa = XCBuildConfiguration;
			buildSettings = {
				ALWAYS_SEARCH_USER_PATHS = NO;
				CLANG_ANALYZER_NONNULL = YES;
				CLANG_ANALYZER_NUMBER_OBJECT_CONVERSION = YES_AGGRESSIVE;
				CLANG_CXX_LANGUAGE_STANDARD = "gnu++14";
				CLANG_CXX_LIBRARY = "libc++";
				CLANG_ENABLE_MODULES = YES;
				CLANG_ENABLE_OBJC_ARC = YES;
				CLANG_ENABLE_OBJC_WEAK = YES;
				CLANG_WARN_BLOCK_CAPTURE_AUTORELEASING = YES;
				CLANG_WARN_BOOL_CONVERSION = YES;
				CLANG_WARN_COMMA = YES;
				CLANG_WARN_CONSTANT_CONVERSION = YES;
				CLANG_WARN_DEPRECATED_OBJC_IMPLEMENTATIONS = YES;
				CLANG_WARN_DIRECT_OBJC_ISA_USAGE = YES_ERROR;
				CLANG_WARN_DOCUMENTATION_COMMENTS = YES;
				CLANG_WARN_EMPTY_BODY = YES;
				CLANG_WARN_ENUM_CONVERSION = YES;
				CLANG_WARN_INFINITE_RECURSION = YES;
				CLANG_WARN_INT_CONVERSION = YES;
				CLANG_WARN_NON_LITERAL_NULL_CONVERSION = YES;
				CLANG_WARN_OBJC_IMPLICIT_RETAIN_SELF = YES;
				CLANG_WARN_OBJC_LITERAL_CONVERSION = YES;
				CLANG_WARN_OBJC_ROOT_CLASS = YES_ERROR;
				CLANG_WARN_QUOTED_INCLUDE_IN_FRAMEWORK_HEADER = YES;
				CLANG_WARN_RANGE_LOOP_ANALYSIS = YES;
				CLANG_WARN_STRICT_PROTOTYPES = YES;
				CLANG_WARN_SUSPICIOUS_MOVE = YES;
				CLANG_WARN_UNGUARDED_AVAILABILITY = YES_AGGRESSIVE;
				CLANG_WARN_UNREACHABLE_CODE = YES;
				CLANG_WARN__DUPLICATE_METHOD_MATCH = YES;
				COPY_PHASE_STRIP = NO;
				DEBUG_INFORMATION_FORMAT = "dwarf-with-dsym";
				ENABLE_NS_ASSERTIONS = NO;
				ENABLE_STRICT_OBJC_MSGSEND = YES;
				GCC_C_LANGUAGE_STANDARD = gnu11;
				GCC_NO_COMMON_BLOCKS = YES;
				GCC_WARN_64_TO_32_BIT_CONVERSION = YES;
				GCC_WARN_ABOUT_RETURN_TYPE = YES_ERROR;
				GCC_WARN_UNDECLARED_SELECTOR = YES;
				GCC_WARN_UNINITIALIZED_AUTOS = YES_AGGRESSIVE;
				GCC_WARN_UNUSED_FUNCTION = YES;
				GCC_WARN_UNUSED_VARIABLE = YES;
				IPHONEOS_DEPLOYMENT_TARGET = 14.1;
				MTL_ENABLE_DEBUG_INFO = NO;
				MTL_FAST_MATH = YES;
				SDKROOT = iphoneos;
				SWIFT_COMPILATION_MODE = wholemodule;
				SWIFT_OPTIMIZATION_LEVEL = "-O";
				VALIDATE_PRODUCT = YES;
			};
			name = Release;
		};
		521E41AE25582419006DDF43 /* Debug */ = {
			isa = XCBuildConfiguration;
			buildSettings = {
				ASSETCATALOG_COMPILER_APPICON_NAME = AppIcon;
				ASSETCATALOG_COMPILER_GLOBAL_ACCENT_COLOR_NAME = AccentColor;
				CODE_SIGN_STYLE = Automatic;
				INFOPLIST_FILE = "Project13-15/Info.plist";
				LD_RUNPATH_SEARCH_PATHS = (
					"$(inherited)",
					"@executable_path/Frameworks",
				);
				PRODUCT_BUNDLE_IDENTIFIER = "academy42.Project13-15";
				PRODUCT_NAME = "$(TARGET_NAME)";
				SWIFT_VERSION = 5.0;
				TARGETED_DEVICE_FAMILY = "1,2";
			};
			name = Debug;
		};
		521E41AF25582419006DDF43 /* Release */ = {
			isa = XCBuildConfiguration;
			buildSettings = {
				ASSETCATALOG_COMPILER_APPICON_NAME = AppIcon;
				ASSETCATALOG_COMPILER_GLOBAL_ACCENT_COLOR_NAME = AccentColor;
				CODE_SIGN_STYLE = Automatic;
				INFOPLIST_FILE = "Project13-15/Info.plist";
				LD_RUNPATH_SEARCH_PATHS = (
					"$(inherited)",
					"@executable_path/Frameworks",
				);
				PRODUCT_BUNDLE_IDENTIFIER = "academy42.Project13-15";
				PRODUCT_NAME = "$(TARGET_NAME)";
				SWIFT_VERSION = 5.0;
				TARGETED_DEVICE_FAMILY = "1,2";
			};
			name = Release;
		};
/* End XCBuildConfiguration section */

/* Begin XCConfigurationList section */
		521E419425582416006DDF43 /* Build configuration list for PBXProject "Project13-15" */ = {
			isa = XCConfigurationList;
			buildConfigurations = (
				521E41AB25582419006DDF43 /* Debug */,
				521E41AC25582419006DDF43 /* Release */,
			);
			defaultConfigurationIsVisible = 0;
			defaultConfigurationName = Release;
		};
		521E41AD25582419006DDF43 /* Build configuration list for PBXNativeTarget "Project13-15" */ = {
			isa = XCConfigurationList;
			buildConfigurations = (
				521E41AE25582419006DDF43 /* Debug */,
				521E41AF25582419006DDF43 /* Release */,
			);
			defaultConfigurationIsVisible = 0;
			defaultConfigurationName = Release;
		};
/* End XCConfigurationList section */
	};
	rootObject = 521E419125582416006DDF43 /* Project object */;
}
