// !$*UTF8*$!
{
	archiveVersion = 1;
	classes = {
	};
	objectVersion = 50;
	objects = {

/* Begin PBXBuildFile section */
		521E424D255D9594006DDF43 /* AppDelegate.swift in Sources */ = {isa = PBXBuildFile; fileRef = 521E424C255D9594006DDF43 /* AppDelegate.swift */; };
		521E424F255D9594006DDF43 /* SceneDelegate.swift in Sources */ = {isa = PBXBuildFile; fileRef = 521E424E255D9594006DDF43 /* SceneDelegate.swift */; };
		521E4251255D9594006DDF43 /* ViewController.swift in Sources */ = {isa = PBXBuildFile; fileRef = 521E4250255D9594006DDF43 /* ViewController.swift */; };
		521E4254255D9594006DDF43 /* Main.storyboard in Resources */ = {isa = PBXBuildFile; fileRef = 521E4252255D9594006DDF43 /* Main.storyboard */; };
		521E4256255D9599006DDF43 /* Assets.xcassets in Resources */ = {isa = PBXBuildFile; fileRef = 521E4255255D9599006DDF43 /* Assets.xcassets */; };
		521E4259255D9599006DDF43 /* LaunchScreen.storyboard in Resources */ = {isa = PBXBuildFile; fileRef = 521E4257255D9599006DDF43 /* LaunchScreen.storyboard */; };
		521E4268255D9639006DDF43 /* Media.xcassets in Resources */ = {isa = PBXBuildFile; fileRef = 521E4267255D9639006DDF43 /* Media.xcassets */; };
		521E426A255D9639006DDF43 /* ActionViewController.swift in Sources */ = {isa = PBXBuildFile; fileRef = 521E4269255D9639006DDF43 /* ActionViewController.swift */; };
		521E426D255D9639006DDF43 /* MainInterface.storyboard in Resources */ = {isa = PBXBuildFile; fileRef = 521E426B255D9639006DDF43 /* MainInterface.storyboard */; };
		521E4271255D9639006DDF43 /* Extension.appex in Embed App Extensions */ = {isa = PBXBuildFile; fileRef = 521E4265255D9639006DDF43 /* Extension.appex */; settings = {ATTRIBUTES = (RemoveHeadersOnCopy, ); }; };
		521E4279255DC56E006DDF43 /* Action.js in Resources */ = {isa = PBXBuildFile; fileRef = 521E4278255DC56E006DDF43 /* Action.js */; };
/* End PBXBuildFile section */

/* Begin PBXContainerItemProxy section */
		521E426F255D9639006DDF43 /* PBXContainerItemProxy */ = {
			isa = PBXContainerItemProxy;
			containerPortal = 521E4241255D9594006DDF43 /* Project object */;
			proxyType = 1;
			remoteGlobalIDString = 521E4264255D9639006DDF43;
			remoteInfo = Extension;
		};
/* End PBXContainerItemProxy section */

/* Begin PBXCopyFilesBuildPhase section */
		521E4275255D9639006DDF43 /* Embed App Extensions */ = {
			isa = PBXCopyFilesBuildPhase;
			buildActionMask = 2147483647;
			dstPath = "";
			dstSubfolderSpec = 13;
			files = (
				521E4271255D9639006DDF43 /* Extension.appex in Embed App Extensions */,
			);
			name = "Embed App Extensions";
			runOnlyForDeploymentPostprocessing = 0;
		};
/* End PBXCopyFilesBuildPhase section */

/* Begin PBXFileReference section */
		521E4249255D9594006DDF43 /* Project 19.app */ = {isa = PBXFileReference; explicitFileType = wrapper.application; includeInIndex = 0; path = "Project 19.app"; sourceTree = BUILT_PRODUCTS_DIR; };
		521E424C255D9594006DDF43 /* AppDelegate.swift */ = {isa = PBXFileReference; lastKnownFileType = sourcecode.swift; path = AppDelegate.swift; sourceTree = "<group>"; };
		521E424E255D9594006DDF43 /* SceneDelegate.swift */ = {isa = PBXFileReference; lastKnownFileType = sourcecode.swift; path = SceneDelegate.swift; sourceTree = "<group>"; };
		521E4250255D9594006DDF43 /* ViewController.swift */ = {isa = PBXFileReference; lastKnownFileType = sourcecode.swift; path = ViewController.swift; sourceTree = "<group>"; };
		521E4253255D9594006DDF43 /* Base */ = {isa = PBXFileReference; lastKnownFileType = file.storyboard; name = Base; path = Base.lproj/Main.storyboard; sourceTree = "<group>"; };
		521E4255255D9599006DDF43 /* Assets.xcassets */ = {isa = PBXFileReference; lastKnownFileType = folder.assetcatalog; path = Assets.xcassets; sourceTree = "<group>"; };
		521E4258255D9599006DDF43 /* Base */ = {isa = PBXFileReference; lastKnownFileType = file.storyboard; name = Base; path = Base.lproj/LaunchScreen.storyboard; sourceTree = "<group>"; };
		521E425A255D959A006DDF43 /* Info.plist */ = {isa = PBXFileReference; lastKnownFileType = text.plist.xml; path = Info.plist; sourceTree = "<group>"; };
		521E4265255D9639006DDF43 /* Extension.appex */ = {isa = PBXFileReference; explicitFileType = "wrapper.app-extension"; includeInIndex = 0; path = Extension.appex; sourceTree = BUILT_PRODUCTS_DIR; };
		521E4267255D9639006DDF43 /* Media.xcassets */ = {isa = PBXFileReference; lastKnownFileType = folder.assetcatalog; path = Media.xcassets; sourceTree = "<group>"; };
		521E4269255D9639006DDF43 /* ActionViewController.swift */ = {isa = PBXFileReference; lastKnownFileType = sourcecode.swift; path = ActionViewController.swift; sourceTree = "<group>"; };
		521E426C255D9639006DDF43 /* Base */ = {isa = PBXFileReference; lastKnownFileType = file.storyboard; name = Base; path = Base.lproj/MainInterface.storyboard; sourceTree = "<group>"; };
		521E426E255D9639006DDF43 /* Info.plist */ = {isa = PBXFileReference; lastKnownFileType = text.plist.xml; path = Info.plist; sourceTree = "<group>"; };
		521E4278255DC56E006DDF43 /* Action.js */ = {isa = PBXFileReference; lastKnownFileType = sourcecode.javascript; path = Action.js; sourceTree = "<group>"; };
/* End PBXFileReference section */

/* Begin PBXFrameworksBuildPhase section */
		521E4246255D9594006DDF43 /* Frameworks */ = {
			isa = PBXFrameworksBuildPhase;
			buildActionMask = 2147483647;
			files = (
			);
			runOnlyForDeploymentPostprocessing = 0;
		};
		521E4262255D9639006DDF43 /* Frameworks */ = {
			isa = PBXFrameworksBuildPhase;
			buildActionMask = 2147483647;
			files = (
			);
			runOnlyForDeploymentPostprocessing = 0;
		};
/* End PBXFrameworksBuildPhase section */

/* Begin PBXGroup section */
		521E4240255D9594006DDF43 = {
			isa = PBXGroup;
			children = (
				521E424B255D9594006DDF43 /* Project 19 */,
				521E4266255D9639006DDF43 /* Extension */,
				521E424A255D9594006DDF43 /* Products */,
			);
			sourceTree = "<group>";
		};
		521E424A255D9594006DDF43 /* Products */ = {
			isa = PBXGroup;
			children = (
				521E4249255D9594006DDF43 /* Project 19.app */,
				521E4265255D9639006DDF43 /* Extension.appex */,
			);
			name = Products;
			sourceTree = "<group>";
		};
		521E424B255D9594006DDF43 /* Project 19 */ = {
			isa = PBXGroup;
			children = (
				521E424C255D9594006DDF43 /* AppDelegate.swift */,
				521E424E255D9594006DDF43 /* SceneDelegate.swift */,
				521E4250255D9594006DDF43 /* ViewController.swift */,
				521E4252255D9594006DDF43 /* Main.storyboard */,
				521E4255255D9599006DDF43 /* Assets.xcassets */,
				521E4257255D9599006DDF43 /* LaunchScreen.storyboard */,
				521E425A255D959A006DDF43 /* Info.plist */,
			);
			path = "Project 19";
			sourceTree = "<group>";
		};
		521E4266255D9639006DDF43 /* Extension */ = {
			isa = PBXGroup;
			children = (
				521E4267255D9639006DDF43 /* Media.xcassets */,
				521E4269255D9639006DDF43 /* ActionViewController.swift */,
				521E426B255D9639006DDF43 /* MainInterface.storyboard */,
				521E426E255D9639006DDF43 /* Info.plist */,
				521E4278255DC56E006DDF43 /* Action.js */,
			);
			path = Extension;
			sourceTree = "<group>";
		};
/* End PBXGroup section */

/* Begin PBXNativeTarget section */
		521E4248255D9594006DDF43 /* Project 19 */ = {
			isa = PBXNativeTarget;
			buildConfigurationList = 521E425D255D959A006DDF43 /* Build configuration list for PBXNativeTarget "Project 19" */;
			buildPhases = (
				521E4245255D9594006DDF43 /* Sources */,
				521E4246255D9594006DDF43 /* Frameworks */,
				521E4247255D9594006DDF43 /* Resources */,
				521E4275255D9639006DDF43 /* Embed App Extensions */,
			);
			buildRules = (
			);
			dependencies = (
				521E4270255D9639006DDF43 /* PBXTargetDependency */,
			);
			name = "Project 19";
			productName = "Project 19";
			productReference = 521E4249255D9594006DDF43 /* Project 19.app */;
			productType = "com.apple.product-type.application";
		};
		521E4264255D9639006DDF43 /* Extension */ = {
			isa = PBXNativeTarget;
			buildConfigurationList = 521E4272255D9639006DDF43 /* Build configuration list for PBXNativeTarget "Extension" */;
			buildPhases = (
				521E4261255D9639006DDF43 /* Sources */,
				521E4262255D9639006DDF43 /* Frameworks */,
				521E4263255D9639006DDF43 /* Resources */,
			);
			buildRules = (
			);
			dependencies = (
			);
			name = Extension;
			productName = Extension;
			productReference = 521E4265255D9639006DDF43 /* Extension.appex */;
			productType = "com.apple.product-type.app-extension";
		};
/* End PBXNativeTarget section */

/* Begin PBXProject section */
		521E4241255D9594006DDF43 /* Project object */ = {
			isa = PBXProject;
			attributes = {
				LastSwiftUpdateCheck = 1210;
				LastUpgradeCheck = 1210;
				TargetAttributes = {
					521E4248255D9594006DDF43 = {
						CreatedOnToolsVersion = 12.1;
					};
					521E4264255D9639006DDF43 = {
						CreatedOnToolsVersion = 12.1;
					};
				};
			};
			buildConfigurationList = 521E4244255D9594006DDF43 /* Build configuration list for PBXProject "Project 19" */;
			compatibilityVersion = "Xcode 9.3";
			developmentRegion = en;
			hasScannedForEncodings = 0;
			knownRegions = (
				en,
				Base,
			);
			mainGroup = 521E4240255D9594006DDF43;
			productRefGroup = 521E424A255D9594006DDF43 /* Products */;
			projectDirPath = "";
			projectRoot = "";
			targets = (
				521E4248255D9594006DDF43 /* Project 19 */,
				521E4264255D9639006DDF43 /* Extension */,
			);
		};
/* End PBXProject section */

/* Begin PBXResourcesBuildPhase section */
		521E4247255D9594006DDF43 /* Resources */ = {
			isa = PBXResourcesBuildPhase;
			buildActionMask = 2147483647;
			files = (
				521E4259255D9599006DDF43 /* LaunchScreen.storyboard in Resources */,
				521E4256255D9599006DDF43 /* Assets.xcassets in Resources */,
				521E4254255D9594006DDF43 /* Main.storyboard in Resources */,
			);
			runOnlyForDeploymentPostprocessing = 0;
		};
		521E4263255D9639006DDF43 /* Resources */ = {
			isa = PBXResourcesBuildPhase;
			buildActionMask = 2147483647;
			files = (
				521E4279255DC56E006DDF43 /* Action.js in Resources */,
				521E4268255D9639006DDF43 /* Media.xcassets in Resources */,
				521E426D255D9639006DDF43 /* MainInterface.storyboard in Resources */,
			);
			runOnlyForDeploymentPostprocessing = 0;
		};
/* End PBXResourcesBuildPhase section */

/* Begin PBXSourcesBuildPhase section */
		521E4245255D9594006DDF43 /* Sources */ = {
			isa = PBXSourcesBuildPhase;
			buildActionMask = 2147483647;
			files = (
				521E4251255D9594006DDF43 /* ViewController.swift in Sources */,
				521E424D255D9594006DDF43 /* AppDelegate.swift in Sources */,
				521E424F255D9594006DDF43 /* SceneDelegate.swift in Sources */,
			);
			runOnlyForDeploymentPostprocessing = 0;
		};
		521E4261255D9639006DDF43 /* Sources */ = {
			isa = PBXSourcesBuildPhase;
			buildActionMask = 2147483647;
			files = (
				521E426A255D9639006DDF43 /* ActionViewController.swift in Sources */,
			);
			runOnlyForDeploymentPostprocessing = 0;
		};
/* End PBXSourcesBuildPhase section */

/* Begin PBXTargetDependency section */
		521E4270255D9639006DDF43 /* PBXTargetDependency */ = {
			isa = PBXTargetDependency;
			target = 521E4264255D9639006DDF43 /* Extension */;
			targetProxy = 521E426F255D9639006DDF43 /* PBXContainerItemProxy */;
		};
/* End PBXTargetDependency section */

/* Begin PBXVariantGroup section */
		521E4252255D9594006DDF43 /* Main.storyboard */ = {
			isa = PBXVariantGroup;
			children = (
				521E4253255D9594006DDF43 /* Base */,
			);
			name = Main.storyboard;
			sourceTree = "<group>";
		};
		521E4257255D9599006DDF43 /* LaunchScreen.storyboard */ = {
			isa = PBXVariantGroup;
			children = (
				521E4258255D9599006DDF43 /* Base */,
			);
			name = LaunchScreen.storyboard;
			sourceTree = "<group>";
		};
		521E426B255D9639006DDF43 /* MainInterface.storyboard */ = {
			isa = PBXVariantGroup;
			children = (
				521E426C255D9639006DDF43 /* Base */,
			);
			name = MainInterface.storyboard;
			sourceTree = "<group>";
		};
/* End PBXVariantGroup section */

/* Begin XCBuildConfiguration section */
		521E425B255D959A006DDF43 /* Debug */ = {
			isa = XCBuildConfiguration;
			buildSettings = {
				ALWAYS_SEARCH_USER_PATHS = NO;
				CLANG_ANALYZER_NONNULL = YES;
				CLANG_ANALYZER_NUMBER_OBJECT_CONVERSION = YES_AGGRESSIVE;
				CLANG_CXX_LANGUAGE_STANDARD = "gnu++14";
				CLANG_CXX_LIBRARY = "libc++";
				CLANG_ENABLE_MODULES = YES;
				CLANG_ENABLE_OBJC_ARC = YES;
				CLANG_ENABLE_OBJC_WEAK = YES;
				CLANG_WARN_BLOCK_CAPTURE_AUTORELEASING = YES;
				CLANG_WARN_BOOL_CONVERSION = YES;
				CLANG_WARN_COMMA = YES;
				CLANG_WARN_CONSTANT_CONVERSION = YES;
				CLANG_WARN_DEPRECATED_OBJC_IMPLEMENTATIONS = YES;
				CLANG_WARN_DIRECT_OBJC_ISA_USAGE = YES_ERROR;
				CLANG_WARN_DOCUMENTATION_COMMENTS = YES;
				CLANG_WARN_EMPTY_BODY = YES;
				CLANG_WARN_ENUM_CONVERSION = YES;
				CLANG_WARN_INFINITE_RECURSION = YES;
				CLANG_WARN_INT_CONVERSION = YES;
				CLANG_WARN_NON_LITERAL_NULL_CONVERSION = YES;
				CLANG_WARN_OBJC_IMPLICIT_RETAIN_SELF = YES;
				CLANG_WARN_OBJC_LITERAL_CONVERSION = YES;
				CLANG_WARN_OBJC_ROOT_CLASS = YES_ERROR;
				CLANG_WARN_QUOTED_INCLUDE_IN_FRAMEWORK_HEADER = YES;
				CLANG_WARN_RANGE_LOOP_ANALYSIS = YES;
				CLANG_WARN_STRICT_PROTOTYPES = YES;
				CLANG_WARN_SUSPICIOUS_MOVE = YES;
				CLANG_WARN_UNGUARDED_AVAILABILITY = YES_AGGRESSIVE;
				CLANG_WARN_UNREACHABLE_CODE = YES;
				CLANG_WARN__DUPLICATE_METHOD_MATCH = YES;
				COPY_PHASE_STRIP = NO;
				DEBUG_INFORMATION_FORMAT = dwarf;
				ENABLE_STRICT_OBJC_MSGSEND = YES;
				ENABLE_TESTABILITY = YES;
				GCC_C_LANGUAGE_STANDARD = gnu11;
				GCC_DYNAMIC_NO_PIC = NO;
				GCC_NO_COMMON_BLOCKS = YES;
				GCC_OPTIMIZATION_LEVEL = 0;
				GCC_PREPROCESSOR_DEFINITIONS = (
					"DEBUG=1",
					"$(inherited)",
				);
				GCC_WARN_64_TO_32_BIT_CONVERSION = YES;
				GCC_WARN_ABOUT_RETURN_TYPE = YES_ERROR;
				GCC_WARN_UNDECLARED_SELECTOR = YES;
				GCC_WARN_UNINITIALIZED_AUTOS = YES_AGGRESSIVE;
				GCC_WARN_UNUSED_FUNCTION = YES;
				GCC_WARN_UNUSED_VARIABLE = YES;
				IPHONEOS_DEPLOYMENT_TARGET = 14.1;
				MTL_ENABLE_DEBUG_INFO = INCLUDE_SOURCE;
				MTL_FAST_MATH = YES;
				ONLY_ACTIVE_ARCH = YES;
				SDKROOT = iphoneos;
				SWIFT_ACTIVE_COMPILATION_CONDITIONS = DEBUG;
				SWIFT_OPTIMIZATION_LEVEL = "-Onone";
			};
			name = Debug;
		};
		521E425C255D959A006DDF43 /* Release */ = {
			isa = XCBuildConfiguration;
			buildSettings = {
				ALWAYS_SEARCH_USER_PATHS = NO;
				CLANG_ANALYZER_NONNULL = YES;
				CLANG_ANALYZER_NUMBER_OBJECT_CONVERSION = YES_AGGRESSIVE;
				CLANG_CXX_LANGUAGE_STANDARD = "gnu++14";
				CLANG_CXX_LIBRARY = "libc++";
				CLANG_ENABLE_MODULES = YES;
				CLANG_ENABLE_OBJC_ARC = YES;
				CLANG_ENABLE_OBJC_WEAK = YES;
				CLANG_WARN_BLOCK_CAPTURE_AUTORELEASING = YES;
				CLANG_WARN_BOOL_CONVERSION = YES;
				CLANG_WARN_COMMA = YES;
				CLANG_WARN_CONSTANT_CONVERSION = YES;
				CLANG_WARN_DEPRECATED_OBJC_IMPLEMENTATIONS = YES;
				CLANG_WARN_DIRECT_OBJC_ISA_USAGE = YES_ERROR;
				CLANG_WARN_DOCUMENTATION_COMMENTS = YES;
				CLANG_WARN_EMPTY_BODY = YES;
				CLANG_WARN_ENUM_CONVERSION = YES;
				CLANG_WARN_INFINITE_RECURSION = YES;
				CLANG_WARN_INT_CONVERSION = YES;
				CLANG_WARN_NON_LITERAL_NULL_CONVERSION = YES;
				CLANG_WARN_OBJC_IMPLICIT_RETAIN_SELF = YES;
				CLANG_WARN_OBJC_LITERAL_CONVERSION = YES;
				CLANG_WARN_OBJC_ROOT_CLASS = YES_ERROR;
				CLANG_WARN_QUOTED_INCLUDE_IN_FRAMEWORK_HEADER = YES;
				CLANG_WARN_RANGE_LOOP_ANALYSIS = YES;
				CLANG_WARN_STRICT_PROTOTYPES = YES;
				CLANG_WARN_SUSPICIOUS_MOVE = YES;
				CLANG_WARN_UNGUARDED_AVAILABILITY = YES_AGGRESSIVE;
				CLANG_WARN_UNREACHABLE_CODE = YES;
				CLANG_WARN__DUPLICATE_METHOD_MATCH = YES;
				COPY_PHASE_STRIP = NO;
				DEBUG_INFORMATION_FORMAT = "dwarf-with-dsym";
				ENABLE_NS_ASSERTIONS = NO;
				ENABLE_STRICT_OBJC_MSGSEND = YES;
				GCC_C_LANGUAGE_STANDARD = gnu11;
				GCC_NO_COMMON_BLOCKS = YES;
				GCC_WARN_64_TO_32_BIT_CONVERSION = YES;
				GCC_WARN_ABOUT_RETURN_TYPE = YES_ERROR;
				GCC_WARN_UNDECLARED_SELECTOR = YES;
				GCC_WARN_UNINITIALIZED_AUTOS = YES_AGGRESSIVE;
				GCC_WARN_UNUSED_FUNCTION = YES;
				GCC_WARN_UNUSED_VARIABLE = YES;
				IPHONEOS_DEPLOYMENT_TARGET = 14.1;
				MTL_ENABLE_DEBUG_INFO = NO;
				MTL_FAST_MATH = YES;
				SDKROOT = iphoneos;
				SWIFT_COMPILATION_MODE = wholemodule;
				SWIFT_OPTIMIZATION_LEVEL = "-O";
				VALIDATE_PRODUCT = YES;
			};
			name = Release;
		};
		521E425E255D959A006DDF43 /* Debug */ = {
			isa = XCBuildConfiguration;
			buildSettings = {
				ALWAYS_EMBED_SWIFT_STANDARD_LIBRARIES = YES;
				ASSETCATALOG_COMPILER_APPICON_NAME = AppIcon;
				ASSETCATALOG_COMPILER_GLOBAL_ACCENT_COLOR_NAME = AccentColor;
				CODE_SIGN_STYLE = Automatic;
				INFOPLIST_FILE = "Project 19/Info.plist";
				LD_RUNPATH_SEARCH_PATHS = (
					"$(inherited)",
					"@executable_path/Frameworks",
				);
				PRODUCT_BUNDLE_IDENTIFIER = "academy42.Project-19";
				PRODUCT_NAME = "$(TARGET_NAME)";
				SWIFT_VERSION = 5.0;
				TARGETED_DEVICE_FAMILY = "1,2";
			};
			name = Debug;
		};
		521E425F255D959A006DDF43 /* Release */ = {
			isa = XCBuildConfiguration;
			buildSettings = {
				ALWAYS_EMBED_SWIFT_STANDARD_LIBRARIES = YES;
				ASSETCATALOG_COMPILER_APPICON_NAME = AppIcon;
				ASSETCATALOG_COMPILER_GLOBAL_ACCENT_COLOR_NAME = AccentColor;
				CODE_SIGN_STYLE = Automatic;
				INFOPLIST_FILE = "Project 19/Info.plist";
				LD_RUNPATH_SEARCH_PATHS = (
					"$(inherited)",
					"@executable_path/Frameworks",
				);
				PRODUCT_BUNDLE_IDENTIFIER = "academy42.Project-19";
				PRODUCT_NAME = "$(TARGET_NAME)";
				SWIFT_VERSION = 5.0;
				TARGETED_DEVICE_FAMILY = "1,2";
			};
			name = Release;
		};
		521E4273255D9639006DDF43 /* Debug */ = {
			isa = XCBuildConfiguration;
			buildSettings = {
				CODE_SIGN_STYLE = Automatic;
				INFOPLIST_FILE = Extension/Info.plist;
				LD_RUNPATH_SEARCH_PATHS = (
					"$(inherited)",
					"@executable_path/Frameworks",
					"@executable_path/../../Frameworks",
				);
				PRODUCT_BUNDLE_IDENTIFIER = "academy42.Project-19.Extension";
				PRODUCT_NAME = "$(TARGET_NAME)";
				SKIP_INSTALL = YES;
				SWIFT_VERSION = 5.0;
				TARGETED_DEVICE_FAMILY = "1,2";
			};
			name = Debug;
		};
		521E4274255D9639006DDF43 /* Release */ = {
			isa = XCBuildConfiguration;
			buildSettings = {
				CODE_SIGN_STYLE = Automatic;
				INFOPLIST_FILE = Extension/Info.plist;
				LD_RUNPATH_SEARCH_PATHS = (
					"$(inherited)",
					"@executable_path/Frameworks",
					"@executable_path/../../Frameworks",
				);
				PRODUCT_BUNDLE_IDENTIFIER = "academy42.Project-19.Extension";
				PRODUCT_NAME = "$(TARGET_NAME)";
				SKIP_INSTALL = YES;
				SWIFT_VERSION = 5.0;
				TARGETED_DEVICE_FAMILY = "1,2";
			};
			name = Release;
		};
/* End XCBuildConfiguration section */

/* Begin XCConfigurationList section */
		521E4244255D9594006DDF43 /* Build configuration list for PBXProject "Project 19" */ = {
			isa = XCConfigurationList;
			buildConfigurations = (
				521E425B255D959A006DDF43 /* Debug */,
				521E425C255D959A006DDF43 /* Release */,
			);
			defaultConfigurationIsVisible = 0;
			defaultConfigurationName = Release;
		};
		521E425D255D959A006DDF43 /* Build configuration list for PBXNativeTarget "Project 19" */ = {
			isa = XCConfigurationList;
			buildConfigurations = (
				521E425E255D959A006DDF43 /* Debug */,
				521E425F255D959A006DDF43 /* Release */,
			);
			defaultConfigurationIsVisible = 0;
			defaultConfigurationName = Release;
		};
		521E4272255D9639006DDF43 /* Build configuration list for PBXNativeTarget "Extension" */ = {
			isa = XCConfigurationList;
			buildConfigurations = (
				521E4273255D9639006DDF43 /* Debug */,
				521E4274255D9639006DDF43 /* Release */,
			);
			defaultConfigurationIsVisible = 0;
			defaultConfigurationName = Release;
		};
/* End XCConfigurationList section */
	};
	rootObject = 521E4241255D9594006DDF43 /* Project object */;
}
